// !$*UTF8*$!
{
	archiveVersion = 1;
	classes = {
	};
	objectVersion = 48;
	objects = {

/* Begin PBXBuildFile section */
		45E6811EDD559D057056653D /* Pods_tableViewMVVMTests.framework in Frameworks */ = {isa = PBXBuildFile; fileRef = EA813E5291AB2E447BFDC397 /* Pods_tableViewMVVMTests.framework */; };
		BE8BAFFF544E8F30BE2A2446 /* Pods_tableViewMVVMUITests.framework in Frameworks */ = {isa = PBXBuildFile; fileRef = 86B66981CBBB55422AB7097E /* Pods_tableViewMVVMUITests.framework */; };
		C9ECF3753ED57761F27067B0 /* Pods_tableViewMVVM.framework in Frameworks */ = {isa = PBXBuildFile; fileRef = 86A72F5E0B1B62BBEF65854D /* Pods_tableViewMVVM.framework */; };
		FA14C85B202B424F00B69007 /* TodoViewModel.swift in Sources */ = {isa = PBXBuildFile; fileRef = FA14C85A202B424F00B69007 /* TodoViewModel.swift */; };
		FA14C85E202B493B00B69007 /* TodoItemTableViewCell.swift in Sources */ = {isa = PBXBuildFile; fileRef = FA14C85C202B493B00B69007 /* TodoItemTableViewCell.swift */; };
		FA14C85F202B493B00B69007 /* TodoItemTableViewCell.xib in Resources */ = {isa = PBXBuildFile; fileRef = FA14C85D202B493B00B69007 /* TodoItemTableViewCell.xib */; };
		FA32BBE8203EE56D00499F6E /* String+Extension.swift in Sources */ = {isa = PBXBuildFile; fileRef = FA32BBE7203EE56D00499F6E /* String+Extension.swift */; };
		FAFBED24202B349000E6F5A1 /* AppDelegate.swift in Sources */ = {isa = PBXBuildFile; fileRef = FAFBED23202B349000E6F5A1 /* AppDelegate.swift */; };
		FAFBED26202B349000E6F5A1 /* ViewController.swift in Sources */ = {isa = PBXBuildFile; fileRef = FAFBED25202B349000E6F5A1 /* ViewController.swift */; };
		FAFBED29202B349000E6F5A1 /* Main.storyboard in Resources */ = {isa = PBXBuildFile; fileRef = FAFBED27202B349000E6F5A1 /* Main.storyboard */; };
		FAFBED2C202B349000E6F5A1 /* tableViewMVVM.xcdatamodeld in Sources */ = {isa = PBXBuildFile; fileRef = FAFBED2A202B349000E6F5A1 /* tableViewMVVM.xcdatamodeld */; };
		FAFBED2E202B349000E6F5A1 /* Assets.xcassets in Resources */ = {isa = PBXBuildFile; fileRef = FAFBED2D202B349000E6F5A1 /* Assets.xcassets */; };
		FAFBED31202B349000E6F5A1 /* LaunchScreen.storyboard in Resources */ = {isa = PBXBuildFile; fileRef = FAFBED2F202B349000E6F5A1 /* LaunchScreen.storyboard */; };
		FAFBED3C202B349100E6F5A1 /* tableViewMVVMTests.swift in Sources */ = {isa = PBXBuildFile; fileRef = FAFBED3B202B349100E6F5A1 /* tableViewMVVMTests.swift */; };
		FAFBED47202B349100E6F5A1 /* tableViewMVVMUITests.swift in Sources */ = {isa = PBXBuildFile; fileRef = FAFBED46202B349100E6F5A1 /* tableViewMVVMUITests.swift */; };
/* End PBXBuildFile section */

/* Begin PBXContainerItemProxy section */
		FAFBED38202B349100E6F5A1 /* PBXContainerItemProxy */ = {
			isa = PBXContainerItemProxy;
			containerPortal = FAFBED18202B349000E6F5A1 /* Project object */;
			proxyType = 1;
			remoteGlobalIDString = FAFBED1F202B349000E6F5A1;
			remoteInfo = tableViewMVVM;
		};
		FAFBED43202B349100E6F5A1 /* PBXContainerItemProxy */ = {
			isa = PBXContainerItemProxy;
			containerPortal = FAFBED18202B349000E6F5A1 /* Project object */;
			proxyType = 1;
			remoteGlobalIDString = FAFBED1F202B349000E6F5A1;
			remoteInfo = tableViewMVVM;
		};
/* End PBXContainerItemProxy section */

/* Begin PBXFileReference section */
		4BFD5A390AAA738D950C4CF6 /* Pods-tableViewMVVMUITests.release.xcconfig */ = {isa = PBXFileReference; includeInIndex = 1; lastKnownFileType = text.xcconfig; name = "Pods-tableViewMVVMUITests.release.xcconfig"; path = "Pods/Target Support Files/Pods-tableViewMVVMUITests/Pods-tableViewMVVMUITests.release.xcconfig"; sourceTree = "<group>"; };
		86A72F5E0B1B62BBEF65854D /* Pods_tableViewMVVM.framework */ = {isa = PBXFileReference; explicitFileType = wrapper.framework; includeInIndex = 0; path = Pods_tableViewMVVM.framework; sourceTree = BUILT_PRODUCTS_DIR; };
		86B66981CBBB55422AB7097E /* Pods_tableViewMVVMUITests.framework */ = {isa = PBXFileReference; explicitFileType = wrapper.framework; includeInIndex = 0; path = Pods_tableViewMVVMUITests.framework; sourceTree = BUILT_PRODUCTS_DIR; };
		C1FEABD421B6ADE0B0099F6A /* Pods-tableViewMVVM.debug.xcconfig */ = {isa = PBXFileReference; includeInIndex = 1; lastKnownFileType = text.xcconfig; name = "Pods-tableViewMVVM.debug.xcconfig"; path = "Pods/Target Support Files/Pods-tableViewMVVM/Pods-tableViewMVVM.debug.xcconfig"; sourceTree = "<group>"; };
		D2BF8D9DB3F6078B7A7ABB20 /* Pods-tableViewMVVMTests.debug.xcconfig */ = {isa = PBXFileReference; includeInIndex = 1; lastKnownFileType = text.xcconfig; name = "Pods-tableViewMVVMTests.debug.xcconfig"; path = "Pods/Target Support Files/Pods-tableViewMVVMTests/Pods-tableViewMVVMTests.debug.xcconfig"; sourceTree = "<group>"; };
		D9742B434DCC9AEA94EE1EB0 /* Pods-tableViewMVVM.release.xcconfig */ = {isa = PBXFileReference; includeInIndex = 1; lastKnownFileType = text.xcconfig; name = "Pods-tableViewMVVM.release.xcconfig"; path = "Pods/Target Support Files/Pods-tableViewMVVM/Pods-tableViewMVVM.release.xcconfig"; sourceTree = "<group>"; };
		EA813E5291AB2E447BFDC397 /* Pods_tableViewMVVMTests.framework */ = {isa = PBXFileReference; explicitFileType = wrapper.framework; includeInIndex = 0; path = Pods_tableViewMVVMTests.framework; sourceTree = BUILT_PRODUCTS_DIR; };
		F65F330A15877EB2DCA02972 /* Pods-tableViewMVVMUITests.debug.xcconfig */ = {isa = PBXFileReference; includeInIndex = 1; lastKnownFileType = text.xcconfig; name = "Pods-tableViewMVVMUITests.debug.xcconfig"; path = "Pods/Target Support Files/Pods-tableViewMVVMUITests/Pods-tableViewMVVMUITests.debug.xcconfig"; sourceTree = "<group>"; };
		F9990BFB9267EB17E888CED0 /* Pods-tableViewMVVMTests.release.xcconfig */ = {isa = PBXFileReference; includeInIndex = 1; lastKnownFileType = text.xcconfig; name = "Pods-tableViewMVVMTests.release.xcconfig"; path = "Pods/Target Support Files/Pods-tableViewMVVMTests/Pods-tableViewMVVMTests.release.xcconfig"; sourceTree = "<group>"; };
		FA14C85A202B424F00B69007 /* TodoViewModel.swift */ = {isa = PBXFileReference; lastKnownFileType = sourcecode.swift; path = TodoViewModel.swift; sourceTree = "<group>"; };
		FA14C85C202B493B00B69007 /* TodoItemTableViewCell.swift */ = {isa = PBXFileReference; lastKnownFileType = sourcecode.swift; path = TodoItemTableViewCell.swift; sourceTree = "<group>"; };
		FA14C85D202B493B00B69007 /* TodoItemTableViewCell.xib */ = {isa = PBXFileReference; lastKnownFileType = file.xib; path = TodoItemTableViewCell.xib; sourceTree = "<group>"; };
		FA32BBE7203EE56D00499F6E /* String+Extension.swift */ = {isa = PBXFileReference; lastKnownFileType = sourcecode.swift; path = "String+Extension.swift"; sourceTree = "<group>"; };
		FAFBED20202B349000E6F5A1 /* tableViewMVVM.app */ = {isa = PBXFileReference; explicitFileType = wrapper.application; includeInIndex = 0; path = tableViewMVVM.app; sourceTree = BUILT_PRODUCTS_DIR; };
		FAFBED23202B349000E6F5A1 /* AppDelegate.swift */ = {isa = PBXFileReference; lastKnownFileType = sourcecode.swift; path = AppDelegate.swift; sourceTree = "<group>"; };
		FAFBED25202B349000E6F5A1 /* ViewController.swift */ = {isa = PBXFileReference; lastKnownFileType = sourcecode.swift; path = ViewController.swift; sourceTree = "<group>"; };
		FAFBED28202B349000E6F5A1 /* Base */ = {isa = PBXFileReference; lastKnownFileType = file.storyboard; name = Base; path = Base.lproj/Main.storyboard; sourceTree = "<group>"; };
		FAFBED2B202B349000E6F5A1 /* tableViewMVVM.xcdatamodel */ = {isa = PBXFileReference; lastKnownFileType = wrapper.xcdatamodel; path = tableViewMVVM.xcdatamodel; sourceTree = "<group>"; };
		FAFBED2D202B349000E6F5A1 /* Assets.xcassets */ = {isa = PBXFileReference; lastKnownFileType = folder.assetcatalog; path = Assets.xcassets; sourceTree = "<group>"; };
		FAFBED30202B349000E6F5A1 /* Base */ = {isa = PBXFileReference; lastKnownFileType = file.storyboard; name = Base; path = Base.lproj/LaunchScreen.storyboard; sourceTree = "<group>"; };
		FAFBED32202B349000E6F5A1 /* Info.plist */ = {isa = PBXFileReference; lastKnownFileType = text.plist.xml; path = Info.plist; sourceTree = "<group>"; };
		FAFBED37202B349100E6F5A1 /* tableViewMVVMTests.xctest */ = {isa = PBXFileReference; explicitFileType = wrapper.cfbundle; includeInIndex = 0; path = tableViewMVVMTests.xctest; sourceTree = BUILT_PRODUCTS_DIR; };
		FAFBED3B202B349100E6F5A1 /* tableViewMVVMTests.swift */ = {isa = PBXFileReference; lastKnownFileType = sourcecode.swift; path = tableViewMVVMTests.swift; sourceTree = "<group>"; };
		FAFBED3D202B349100E6F5A1 /* Info.plist */ = {isa = PBXFileReference; lastKnownFileType = text.plist.xml; path = Info.plist; sourceTree = "<group>"; };
		FAFBED42202B349100E6F5A1 /* tableViewMVVMUITests.xctest */ = {isa = PBXFileReference; explicitFileType = wrapper.cfbundle; includeInIndex = 0; path = tableViewMVVMUITests.xctest; sourceTree = BUILT_PRODUCTS_DIR; };
		FAFBED46202B349100E6F5A1 /* tableViewMVVMUITests.swift */ = {isa = PBXFileReference; lastKnownFileType = sourcecode.swift; path = tableViewMVVMUITests.swift; sourceTree = "<group>"; };
		FAFBED48202B349100E6F5A1 /* Info.plist */ = {isa = PBXFileReference; lastKnownFileType = text.plist.xml; path = Info.plist; sourceTree = "<group>"; };
/* End PBXFileReference section */

/* Begin PBXFrameworksBuildPhase section */
		FAFBED1D202B349000E6F5A1 /* Frameworks */ = {
			isa = PBXFrameworksBuildPhase;
			buildActionMask = 2147483647;
			files = (
				C9ECF3753ED57761F27067B0 /* Pods_tableViewMVVM.framework in Frameworks */,
			);
			runOnlyForDeploymentPostprocessing = 0;
		};
		FAFBED34202B349100E6F5A1 /* Frameworks */ = {
			isa = PBXFrameworksBuildPhase;
			buildActionMask = 2147483647;
			files = (
				45E6811EDD559D057056653D /* Pods_tableViewMVVMTests.framework in Frameworks */,
			);
			runOnlyForDeploymentPostprocessing = 0;
		};
		FAFBED3F202B349100E6F5A1 /* Frameworks */ = {
			isa = PBXFrameworksBuildPhase;
			buildActionMask = 2147483647;
			files = (
				BE8BAFFF544E8F30BE2A2446 /* Pods_tableViewMVVMUITests.framework in Frameworks */,
			);
			runOnlyForDeploymentPostprocessing = 0;
		};
/* End PBXFrameworksBuildPhase section */

/* Begin PBXGroup section */
		681ED14715D86E73284103FD /* Pods */ = {
			isa = PBXGroup;
			children = (
				C1FEABD421B6ADE0B0099F6A /* Pods-tableViewMVVM.debug.xcconfig */,
				D9742B434DCC9AEA94EE1EB0 /* Pods-tableViewMVVM.release.xcconfig */,
				D2BF8D9DB3F6078B7A7ABB20 /* Pods-tableViewMVVMTests.debug.xcconfig */,
				F9990BFB9267EB17E888CED0 /* Pods-tableViewMVVMTests.release.xcconfig */,
				F65F330A15877EB2DCA02972 /* Pods-tableViewMVVMUITests.debug.xcconfig */,
				4BFD5A390AAA738D950C4CF6 /* Pods-tableViewMVVMUITests.release.xcconfig */,
			);
			name = Pods;
			sourceTree = "<group>";
		};
		8C47CE61D796973D0D0D55F4 /* Frameworks */ = {
			isa = PBXGroup;
			children = (
				86A72F5E0B1B62BBEF65854D /* Pods_tableViewMVVM.framework */,
				EA813E5291AB2E447BFDC397 /* Pods_tableViewMVVMTests.framework */,
				86B66981CBBB55422AB7097E /* Pods_tableViewMVVMUITests.framework */,
			);
			name = Frameworks;
			sourceTree = "<group>";
		};
		FA14C860202C98C900B69007 /* Model */ = {
			isa = PBXGroup;
			children = (
			);
			path = Model;
			sourceTree = "<group>";
		};
		FA14C861202C98D700B69007 /* ViewModel */ = {
			isa = PBXGroup;
			children = (
				FA14C85A202B424F00B69007 /* TodoViewModel.swift */,
			);
			path = ViewModel;
			sourceTree = "<group>";
		};
		FA14C862202C98E000B69007 /* View */ = {
			isa = PBXGroup;
			children = (
				FAFBED25202B349000E6F5A1 /* ViewController.swift */,
				FA14C863202C992C00B69007 /* cell */,
			);
			path = View;
			sourceTree = "<group>";
		};
		FA14C863202C992C00B69007 /* cell */ = {
			isa = PBXGroup;
			children = (
				FA14C85C202B493B00B69007 /* TodoItemTableViewCell.swift */,
				FA14C85D202B493B00B69007 /* TodoItemTableViewCell.xib */,
			);
			path = cell;
			sourceTree = "<group>";
		};
		FA14C864202C998100B69007 /* StoryBoards */ = {
			isa = PBXGroup;
			children = (
				FAFBED27202B349000E6F5A1 /* Main.storyboard */,
				FAFBED2F202B349000E6F5A1 /* LaunchScreen.storyboard */,
			);
			path = StoryBoards;
			sourceTree = "<group>";
		};
		FA32BBE6203EE52500499F6E /* Extensions */ = {
			isa = PBXGroup;
			children = (
				FA32BBE7203EE56D00499F6E /* String+Extension.swift */,
			);
			path = Extensions;
			sourceTree = "<group>";
		};
		FAFBED17202B349000E6F5A1 = {
			isa = PBXGroup;
			children = (
				FAFBED22202B349000E6F5A1 /* tableViewMVVM */,
				FAFBED3A202B349100E6F5A1 /* tableViewMVVMTests */,
				FAFBED45202B349100E6F5A1 /* tableViewMVVMUITests */,
				FAFBED21202B349000E6F5A1 /* Products */,
				681ED14715D86E73284103FD /* Pods */,
				8C47CE61D796973D0D0D55F4 /* Frameworks */,
			);
			sourceTree = "<group>";
		};
		FAFBED21202B349000E6F5A1 /* Products */ = {
			isa = PBXGroup;
			children = (
				FAFBED20202B349000E6F5A1 /* tableViewMVVM.app */,
				FAFBED37202B349100E6F5A1 /* tableViewMVVMTests.xctest */,
				FAFBED42202B349100E6F5A1 /* tableViewMVVMUITests.xctest */,
			);
			name = Products;
			sourceTree = "<group>";
		};
		FAFBED22202B349000E6F5A1 /* tableViewMVVM */ = {
			isa = PBXGroup;
			children = (
				FA32BBE6203EE52500499F6E /* Extensions */,
				FAFBED23202B349000E6F5A1 /* AppDelegate.swift */,
				FAFBED2D202B349000E6F5A1 /* Assets.xcassets */,
				FAFBED32202B349000E6F5A1 /* Info.plist */,
				FAFBED2A202B349000E6F5A1 /* tableViewMVVM.xcdatamodeld */,
				FA14C864202C998100B69007 /* StoryBoards */,
				FA14C860202C98C900B69007 /* Model */,
				FA14C861202C98D700B69007 /* ViewModel */,
				FA14C862202C98E000B69007 /* View */,
			);
			path = tableViewMVVM;
			sourceTree = "<group>";
		};
		FAFBED3A202B349100E6F5A1 /* tableViewMVVMTests */ = {
			isa = PBXGroup;
			children = (
				FAFBED3B202B349100E6F5A1 /* tableViewMVVMTests.swift */,
				FAFBED3D202B349100E6F5A1 /* Info.plist */,
			);
			path = tableViewMVVMTests;
			sourceTree = "<group>";
		};
		FAFBED45202B349100E6F5A1 /* tableViewMVVMUITests */ = {
			isa = PBXGroup;
			children = (
				FAFBED46202B349100E6F5A1 /* tableViewMVVMUITests.swift */,
				FAFBED48202B349100E6F5A1 /* Info.plist */,
			);
			path = tableViewMVVMUITests;
			sourceTree = "<group>";
		};
/* End PBXGroup section */

/* Begin PBXNativeTarget section */
		FAFBED1F202B349000E6F5A1 /* tableViewMVVM */ = {
			isa = PBXNativeTarget;
			buildConfigurationList = FAFBED4B202B349100E6F5A1 /* Build configuration list for PBXNativeTarget "tableViewMVVM" */;
			buildPhases = (
				4F5A2CBBCC8BFA5D54D73FBE /* [CP] Check Pods Manifest.lock */,
				FAFBED1C202B349000E6F5A1 /* Sources */,
				FAFBED1D202B349000E6F5A1 /* Frameworks */,
				FAFBED1E202B349000E6F5A1 /* Resources */,
				C63877DBE8542238BC599CD3 /* [CP] Embed Pods Frameworks */,
				13510844C568CE8C03CD15CB /* [CP] Copy Pods Resources */,
			);
			buildRules = (
			);
			dependencies = (
			);
			name = tableViewMVVM;
			productName = tableViewMVVM;
			productReference = FAFBED20202B349000E6F5A1 /* tableViewMVVM.app */;
			productType = "com.apple.product-type.application";
		};
		FAFBED36202B349100E6F5A1 /* tableViewMVVMTests */ = {
			isa = PBXNativeTarget;
			buildConfigurationList = FAFBED4E202B349100E6F5A1 /* Build configuration list for PBXNativeTarget "tableViewMVVMTests" */;
			buildPhases = (
				7CBF42F68078DD9111D42F00 /* [CP] Check Pods Manifest.lock */,
				FAFBED33202B349100E6F5A1 /* Sources */,
				FAFBED34202B349100E6F5A1 /* Frameworks */,
				FAFBED35202B349100E6F5A1 /* Resources */,
				766BAD6E319DED4A7DDA3BA8 /* [CP] Embed Pods Frameworks */,
				B1BC749A129FC73F05CE44BE /* [CP] Copy Pods Resources */,
			);
			buildRules = (
			);
			dependencies = (
				FAFBED39202B349100E6F5A1 /* PBXTargetDependency */,
			);
			name = tableViewMVVMTests;
			productName = tableViewMVVMTests;
			productReference = FAFBED37202B349100E6F5A1 /* tableViewMVVMTests.xctest */;
			productType = "com.apple.product-type.bundle.unit-test";
		};
		FAFBED41202B349100E6F5A1 /* tableViewMVVMUITests */ = {
			isa = PBXNativeTarget;
			buildConfigurationList = FAFBED51202B349100E6F5A1 /* Build configuration list for PBXNativeTarget "tableViewMVVMUITests" */;
			buildPhases = (
				E844803363940898D3AD28FC /* [CP] Check Pods Manifest.lock */,
				FAFBED3E202B349100E6F5A1 /* Sources */,
				FAFBED3F202B349100E6F5A1 /* Frameworks */,
				FAFBED40202B349100E6F5A1 /* Resources */,
				829CFDC276B7B7050F21C82E /* [CP] Embed Pods Frameworks */,
				B30D0AD75D5BA169D67CDC4C /* [CP] Copy Pods Resources */,
			);
			buildRules = (
			);
			dependencies = (
				FAFBED44202B349100E6F5A1 /* PBXTargetDependency */,
			);
			name = tableViewMVVMUITests;
			productName = tableViewMVVMUITests;
			productReference = FAFBED42202B349100E6F5A1 /* tableViewMVVMUITests.xctest */;
			productType = "com.apple.product-type.bundle.ui-testing";
		};
/* End PBXNativeTarget section */

/* Begin PBXProject section */
		FAFBED18202B349000E6F5A1 /* Project object */ = {
			isa = PBXProject;
			attributes = {
				LastSwiftUpdateCheck = 0920;
				LastUpgradeCheck = 0920;
				ORGANIZATIONNAME = HE;
				TargetAttributes = {
					FAFBED1F202B349000E6F5A1 = {
						CreatedOnToolsVersion = 9.2;
						ProvisioningStyle = Automatic;
					};
					FAFBED36202B349100E6F5A1 = {
						CreatedOnToolsVersion = 9.2;
						ProvisioningStyle = Automatic;
						TestTargetID = FAFBED1F202B349000E6F5A1;
					};
					FAFBED41202B349100E6F5A1 = {
						CreatedOnToolsVersion = 9.2;
						ProvisioningStyle = Automatic;
						TestTargetID = FAFBED1F202B349000E6F5A1;
					};
				};
			};
			buildConfigurationList = FAFBED1B202B349000E6F5A1 /* Build configuration list for PBXProject "tableViewMVVM" */;
			compatibilityVersion = "Xcode 8.0";
			developmentRegion = en;
			hasScannedForEncodings = 0;
			knownRegions = (
				en,
				Base,
			);
			mainGroup = FAFBED17202B349000E6F5A1;
			productRefGroup = FAFBED21202B349000E6F5A1 /* Products */;
			projectDirPath = "";
			projectRoot = "";
			targets = (
				FAFBED1F202B349000E6F5A1 /* tableViewMVVM */,
				FAFBED36202B349100E6F5A1 /* tableViewMVVMTests */,
				FAFBED41202B349100E6F5A1 /* tableViewMVVMUITests */,
			);
		};
/* End PBXProject section */

/* Begin PBXResourcesBuildPhase section */
		FAFBED1E202B349000E6F5A1 /* Resources */ = {
			isa = PBXResourcesBuildPhase;
			buildActionMask = 2147483647;
			files = (
				FAFBED31202B349000E6F5A1 /* LaunchScreen.storyboard in Resources */,
				FAFBED2E202B349000E6F5A1 /* Assets.xcassets in Resources */,
				FA14C85F202B493B00B69007 /* TodoItemTableViewCell.xib in Resources */,
				FAFBED29202B349000E6F5A1 /* Main.storyboard in Resources */,
			);
			runOnlyForDeploymentPostprocessing = 0;
		};
		FAFBED35202B349100E6F5A1 /* Resources */ = {
			isa = PBXResourcesBuildPhase;
			buildActionMask = 2147483647;
			files = (
			);
			runOnlyForDeploymentPostprocessing = 0;
		};
		FAFBED40202B349100E6F5A1 /* Resources */ = {
			isa = PBXResourcesBuildPhase;
			buildActionMask = 2147483647;
			files = (
			);
			runOnlyForDeploymentPostprocessing = 0;
		};
/* End PBXResourcesBuildPhase section */

/* Begin PBXShellScriptBuildPhase section */
		13510844C568CE8C03CD15CB /* [CP] Copy Pods Resources */ = {
			isa = PBXShellScriptBuildPhase;
			buildActionMask = 2147483647;
			files = (
			);
			inputPaths = (
			);
			name = "[CP] Copy Pods Resources";
			outputPaths = (
			);
			runOnlyForDeploymentPostprocessing = 0;
			shellPath = /bin/sh;
			shellScript = "\"${SRCROOT}/Pods/Target Support Files/Pods-tableViewMVVM/Pods-tableViewMVVM-resources.sh\"\n";
			showEnvVarsInLog = 0;
		};
		4F5A2CBBCC8BFA5D54D73FBE /* [CP] Check Pods Manifest.lock */ = {
			isa = PBXShellScriptBuildPhase;
			buildActionMask = 2147483647;
			files = (
			);
			inputPaths = (
				"${PODS_PODFILE_DIR_PATH}/Podfile.lock",
				"${PODS_ROOT}/Manifest.lock",
			);
			name = "[CP] Check Pods Manifest.lock";
			outputPaths = (
				"$(DERIVED_FILE_DIR)/Pods-tableViewMVVM-checkManifestLockResult.txt",
			);
			runOnlyForDeploymentPostprocessing = 0;
			shellPath = /bin/sh;
			shellScript = "diff \"${PODS_PODFILE_DIR_PATH}/Podfile.lock\" \"${PODS_ROOT}/Manifest.lock\" > /dev/null\nif [ $? != 0 ] ; then\n    # print error to STDERR\n    echo \"error: The sandbox is not in sync with the Podfile.lock. Run 'pod install' or update your CocoaPods installation.\" >&2\n    exit 1\nfi\n# This output is used by Xcode 'outputs' to avoid re-running this script phase.\necho \"SUCCESS\" > \"${SCRIPT_OUTPUT_FILE_0}\"\n";
			showEnvVarsInLog = 0;
		};
		766BAD6E319DED4A7DDA3BA8 /* [CP] Embed Pods Frameworks */ = {
			isa = PBXShellScriptBuildPhase;
			buildActionMask = 2147483647;
			files = (
			);
			inputPaths = (
			);
			name = "[CP] Embed Pods Frameworks";
			outputPaths = (
			);
			runOnlyForDeploymentPostprocessing = 0;
			shellPath = /bin/sh;
			shellScript = "\"${SRCROOT}/Pods/Target Support Files/Pods-tableViewMVVMTests/Pods-tableViewMVVMTests-frameworks.sh\"\n";
			showEnvVarsInLog = 0;
		};
		7CBF42F68078DD9111D42F00 /* [CP] Check Pods Manifest.lock */ = {
			isa = PBXShellScriptBuildPhase;
			buildActionMask = 2147483647;
			files = (
			);
			inputPaths = (
				"${PODS_PODFILE_DIR_PATH}/Podfile.lock",
				"${PODS_ROOT}/Manifest.lock",
			);
			name = "[CP] Check Pods Manifest.lock";
			outputPaths = (
				"$(DERIVED_FILE_DIR)/Pods-tableViewMVVMTests-checkManifestLockResult.txt",
			);
			runOnlyForDeploymentPostprocessing = 0;
			shellPath = /bin/sh;
			shellScript = "diff \"${PODS_PODFILE_DIR_PATH}/Podfile.lock\" \"${PODS_ROOT}/Manifest.lock\" > /dev/null\nif [ $? != 0 ] ; then\n    # print error to STDERR\n    echo \"error: The sandbox is not in sync with the Podfile.lock. Run 'pod install' or update your CocoaPods installation.\" >&2\n    exit 1\nfi\n# This output is used by Xcode 'outputs' to avoid re-running this script phase.\necho \"SUCCESS\" > \"${SCRIPT_OUTPUT_FILE_0}\"\n";
			showEnvVarsInLog = 0;
		};
		829CFDC276B7B7050F21C82E /* [CP] Embed Pods Frameworks */ = {
			isa = PBXShellScriptBuildPhase;
			buildActionMask = 2147483647;
			files = (
			);
			inputPaths = (
			);
			name = "[CP] Embed Pods Frameworks";
			outputPaths = (
			);
			runOnlyForDeploymentPostprocessing = 0;
			shellPath = /bin/sh;
			shellScript = "\"${SRCROOT}/Pods/Target Support Files/Pods-tableViewMVVMUITests/Pods-tableViewMVVMUITests-frameworks.sh\"\n";
			showEnvVarsInLog = 0;
		};
		B1BC749A129FC73F05CE44BE /* [CP] Copy Pods Resources */ = {
			isa = PBXShellScriptBuildPhase;
			buildActionMask = 2147483647;
			files = (
			);
			inputPaths = (
			);
			name = "[CP] Copy Pods Resources";
			outputPaths = (
			);
			runOnlyForDeploymentPostprocessing = 0;
			shellPath = /bin/sh;
			shellScript = "\"${SRCROOT}/Pods/Target Support Files/Pods-tableViewMVVMTests/Pods-tableViewMVVMTests-resources.sh\"\n";
			showEnvVarsInLog = 0;
		};
		B30D0AD75D5BA169D67CDC4C /* [CP] Copy Pods Resources */ = {
			isa = PBXShellScriptBuildPhase;
			buildActionMask = 2147483647;
			files = (
			);
			inputPaths = (
			);
			name = "[CP] Copy Pods Resources";
			outputPaths = (
			);
			runOnlyForDeploymentPostprocessing = 0;
			shellPath = /bin/sh;
			shellScript = "\"${SRCROOT}/Pods/Target Support Files/Pods-tableViewMVVMUITests/Pods-tableViewMVVMUITests-resources.sh\"\n";
			showEnvVarsInLog = 0;
		};
		C63877DBE8542238BC599CD3 /* [CP] Embed Pods Frameworks */ = {
			isa = PBXShellScriptBuildPhase;
			buildActionMask = 2147483647;
			files = (
			);
			inputPaths = (
				"${SRCROOT}/Pods/Target Support Files/Pods-tableViewMVVM/Pods-tableViewMVVM-frameworks.sh",
				"${BUILT_PRODUCTS_DIR}/RxCocoa/RxCocoa.framework",
				"${BUILT_PRODUCTS_DIR}/RxSwift/RxSwift.framework",
			);
			name = "[CP] Embed Pods Frameworks";
			outputPaths = (
				"${TARGET_BUILD_DIR}/${FRAMEWORKS_FOLDER_PATH}/RxCocoa.framework",
				"${TARGET_BUILD_DIR}/${FRAMEWORKS_FOLDER_PATH}/RxSwift.framework",
			);
			runOnlyForDeploymentPostprocessing = 0;
			shellPath = /bin/sh;
			shellScript = "\"${SRCROOT}/Pods/Target Support Files/Pods-tableViewMVVM/Pods-tableViewMVVM-frameworks.sh\"\n";
			showEnvVarsInLog = 0;
		};
		E844803363940898D3AD28FC /* [CP] Check Pods Manifest.lock */ = {
			isa = PBXShellScriptBuildPhase;
			buildActionMask = 2147483647;
			files = (
			);
			inputPaths = (
				"${PODS_PODFILE_DIR_PATH}/Podfile.lock",
				"${PODS_ROOT}/Manifest.lock",
			);
			name = "[CP] Check Pods Manifest.lock";
			outputPaths = (
				"$(DERIVED_FILE_DIR)/Pods-tableViewMVVMUITests-checkManifestLockResult.txt",
			);
			runOnlyForDeploymentPostprocessing = 0;
			shellPath = /bin/sh;
			shellScript = "diff \"${PODS_PODFILE_DIR_PATH}/Podfile.lock\" \"${PODS_ROOT}/Manifest.lock\" > /dev/null\nif [ $? != 0 ] ; then\n    # print error to STDERR\n    echo \"error: The sandbox is not in sync with the Podfile.lock. Run 'pod install' or update your CocoaPods installation.\" >&2\n    exit 1\nfi\n# This output is used by Xcode 'outputs' to avoid re-running this script phase.\necho \"SUCCESS\" > \"${SCRIPT_OUTPUT_FILE_0}\"\n";
			showEnvVarsInLog = 0;
		};
/* End PBXShellScriptBuildPhase section */

/* Begin PBXSourcesBuildPhase section */
		FAFBED1C202B349000E6F5A1 /* Sources */ = {
			isa = PBXSourcesBuildPhase;
			buildActionMask = 2147483647;
			files = (
				FA14C85E202B493B00B69007 /* TodoItemTableViewCell.swift in Sources */,
				FA14C85B202B424F00B69007 /* TodoViewModel.swift in Sources */,
				FAFBED2C202B349000E6F5A1 /* tableViewMVVM.xcdatamodeld in Sources */,
				FAFBED26202B349000E6F5A1 /* ViewController.swift in Sources */,
				FA32BBE8203EE56D00499F6E /* String+Extension.swift in Sources */,
				FAFBED24202B349000E6F5A1 /* AppDelegate.swift in Sources */,
			);
			runOnlyForDeploymentPostprocessing = 0;
		};
		FAFBED33202B349100E6F5A1 /* Sources */ = {
			isa = PBXSourcesBuildPhase;
			buildActionMask = 2147483647;
			files = (
				FAFBED3C202B349100E6F5A1 /* tableViewMVVMTests.swift in Sources */,
			);
			runOnlyForDeploymentPostprocessing = 0;
		};
		FAFBED3E202B349100E6F5A1 /* Sources */ = {
			isa = PBXSourcesBuildPhase;
			buildActionMask = 2147483647;
			files = (
				FAFBED47202B349100E6F5A1 /* tableViewMVVMUITests.swift in Sources */,
			);
			runOnlyForDeploymentPostprocessing = 0;
		};
/* End PBXSourcesBuildPhase section */

/* Begin PBXTargetDependency section */
		FAFBED39202B349100E6F5A1 /* PBXTargetDependency */ = {
			isa = PBXTargetDependency;
			target = FAFBED1F202B349000E6F5A1 /* tableViewMVVM */;
			targetProxy = FAFBED38202B349100E6F5A1 /* PBXContainerItemProxy */;
		};
		FAFBED44202B349100E6F5A1 /* PBXTargetDependency */ = {
			isa = PBXTargetDependency;
			target = FAFBED1F202B349000E6F5A1 /* tableViewMVVM */;
			targetProxy = FAFBED43202B349100E6F5A1 /* PBXContainerItemProxy */;
		};
/* End PBXTargetDependency section */

/* Begin PBXVariantGroup section */
		FAFBED27202B349000E6F5A1 /* Main.storyboard */ = {
			isa = PBXVariantGroup;
			children = (
				FAFBED28202B349000E6F5A1 /* Base */,
			);
			name = Main.storyboard;
			sourceTree = "<group>";
		};
		FAFBED2F202B349000E6F5A1 /* LaunchScreen.storyboard */ = {
			isa = PBXVariantGroup;
			children = (
				FAFBED30202B349000E6F5A1 /* Base */,
			);
			name = LaunchScreen.storyboard;
			sourceTree = "<group>";
		};
/* End PBXVariantGroup section */

/* Begin XCBuildConfiguration section */
		FAFBED49202B349100E6F5A1 /* Debug */ = {
			isa = XCBuildConfiguration;
			buildSettings = {
				ALWAYS_SEARCH_USER_PATHS = NO;
				CLANG_ANALYZER_NONNULL = YES;
				CLANG_ANALYZER_NUMBER_OBJECT_CONVERSION = YES_AGGRESSIVE;
				CLANG_CXX_LANGUAGE_STANDARD = "gnu++14";
				CLANG_CXX_LIBRARY = "libc++";
				CLANG_ENABLE_MODULES = YES;
				CLANG_ENABLE_OBJC_ARC = YES;
				CLANG_WARN_BLOCK_CAPTURE_AUTORELEASING = YES;
				CLANG_WARN_BOOL_CONVERSION = YES;
				CLANG_WARN_COMMA = YES;
				CLANG_WARN_CONSTANT_CONVERSION = YES;
				CLANG_WARN_DIRECT_OBJC_ISA_USAGE = YES_ERROR;
				CLANG_WARN_DOCUMENTATION_COMMENTS = YES;
				CLANG_WARN_EMPTY_BODY = YES;
				CLANG_WARN_ENUM_CONVERSION = YES;
				CLANG_WARN_INFINITE_RECURSION = YES;
				CLANG_WARN_INT_CONVERSION = YES;
				CLANG_WARN_NON_LITERAL_NULL_CONVERSION = YES;
				CLANG_WARN_OBJC_LITERAL_CONVERSION = YES;
				CLANG_WARN_OBJC_ROOT_CLASS = YES_ERROR;
				CLANG_WARN_RANGE_LOOP_ANALYSIS = YES;
				CLANG_WARN_STRICT_PROTOTYPES = YES;
				CLANG_WARN_SUSPICIOUS_MOVE = YES;
				CLANG_WARN_UNGUARDED_AVAILABILITY = YES_AGGRESSIVE;
				CLANG_WARN_UNREACHABLE_CODE = YES;
				CLANG_WARN__DUPLICATE_METHOD_MATCH = YES;
				CODE_SIGN_IDENTITY = "iPhone Developer";
				COPY_PHASE_STRIP = NO;
				DEBUG_INFORMATION_FORMAT = dwarf;
				ENABLE_STRICT_OBJC_MSGSEND = YES;
				ENABLE_TESTABILITY = YES;
				GCC_C_LANGUAGE_STANDARD = gnu11;
				GCC_DYNAMIC_NO_PIC = NO;
				GCC_NO_COMMON_BLOCKS = YES;
				GCC_OPTIMIZATION_LEVEL = 0;
				GCC_PREPROCESSOR_DEFINITIONS = (
					"DEBUG=1",
					"$(inherited)",
				);
				GCC_WARN_64_TO_32_BIT_CONVERSION = YES;
				GCC_WARN_ABOUT_RETURN_TYPE = YES_ERROR;
				GCC_WARN_UNDECLARED_SELECTOR = YES;
				GCC_WARN_UNINITIALIZED_AUTOS = YES_AGGRESSIVE;
				GCC_WARN_UNUSED_FUNCTION = YES;
				GCC_WARN_UNUSED_VARIABLE = YES;
				IPHONEOS_DEPLOYMENT_TARGET = 11.2;
				MTL_ENABLE_DEBUG_INFO = YES;
				ONLY_ACTIVE_ARCH = YES;
				SDKROOT = iphoneos;
				SWIFT_ACTIVE_COMPILATION_CONDITIONS = DEBUG;
				SWIFT_OPTIMIZATION_LEVEL = "-Onone";
			};
			name = Debug;
		};
		FAFBED4A202B349100E6F5A1 /* Release */ = {
			isa = XCBuildConfiguration;
			buildSettings = {
				ALWAYS_SEARCH_USER_PATHS = NO;
				CLANG_ANALYZER_NONNULL = YES;
				CLANG_ANALYZER_NUMBER_OBJECT_CONVERSION = YES_AGGRESSIVE;
				CLANG_CXX_LANGUAGE_STANDARD = "gnu++14";
				CLANG_CXX_LIBRARY = "libc++";
				CLANG_ENABLE_MODULES = YES;
				CLANG_ENABLE_OBJC_ARC = YES;
				CLANG_WARN_BLOCK_CAPTURE_AUTORELEASING = YES;
				CLANG_WARN_BOOL_CONVERSION = YES;
				CLANG_WARN_COMMA = YES;
				CLANG_WARN_CONSTANT_CONVERSION = YES;
				CLANG_WARN_DIRECT_OBJC_ISA_USAGE = YES_ERROR;
				CLANG_WARN_DOCUMENTATION_COMMENTS = YES;
				CLANG_WARN_EMPTY_BODY = YES;
				CLANG_WARN_ENUM_CONVERSION = YES;
				CLANG_WARN_INFINITE_RECURSION = YES;
				CLANG_WARN_INT_CONVERSION = YES;
				CLANG_WARN_NON_LITERAL_NULL_CONVERSION = YES;
				CLANG_WARN_OBJC_LITERAL_CONVERSION = YES;
				CLANG_WARN_OBJC_ROOT_CLASS = YES_ERROR;
				CLANG_WARN_RANGE_LOOP_ANALYSIS = YES;
				CLANG_WARN_STRICT_PROTOTYPES = YES;
				CLANG_WARN_SUSPICIOUS_MOVE = YES;
				CLANG_WARN_UNGUARDED_AVAILABILITY = YES_AGGRESSIVE;
				CLANG_WARN_UNREACHABLE_CODE = YES;
				CLANG_WARN__DUPLICATE_METHOD_MATCH = YES;
				CODE_SIGN_IDENTITY = "iPhone Developer";
				COPY_PHASE_STRIP = NO;
				DEBUG_INFORMATION_FORMAT = "dwarf-with-dsym";
				ENABLE_NS_ASSERTIONS = NO;
				ENABLE_STRICT_OBJC_MSGSEND = YES;
				GCC_C_LANGUAGE_STANDARD = gnu11;
				GCC_NO_COMMON_BLOCKS = YES;
				GCC_WARN_64_TO_32_BIT_CONVERSION = YES;
				GCC_WARN_ABOUT_RETURN_TYPE = YES_ERROR;
				GCC_WARN_UNDECLARED_SELECTOR = YES;
				GCC_WARN_UNINITIALIZED_AUTOS = YES_AGGRESSIVE;
				GCC_WARN_UNUSED_FUNCTION = YES;
				GCC_WARN_UNUSED_VARIABLE = YES;
				IPHONEOS_DEPLOYMENT_TARGET = 11.2;
				MTL_ENABLE_DEBUG_INFO = NO;
				SDKROOT = iphoneos;
				SWIFT_OPTIMIZATION_LEVEL = "-Owholemodule";
				VALIDATE_PRODUCT = YES;
			};
			name = Release;
		};
		FAFBED4C202B349100E6F5A1 /* Debug */ = {
			isa = XCBuildConfiguration;
			baseConfigurationReference = C1FEABD421B6ADE0B0099F6A /* Pods-tableViewMVVM.debug.xcconfig */;
			buildSettings = {
				ASSETCATALOG_COMPILER_APPICON_NAME = AppIcon;
				CODE_SIGN_STYLE = Automatic;
				DEVELOPMENT_TEAM = TJTQ79YVUK;
				INFOPLIST_FILE = tableViewMVVM/Info.plist;
				IPHONEOS_DEPLOYMENT_TARGET = 11.0;
				LD_RUNPATH_SEARCH_PATHS = "$(inherited) @executable_path/Frameworks";
				PRODUCT_BUNDLE_IDENTIFIER = com.open.tableViewMVVM;
				PRODUCT_NAME = "$(TARGET_NAME)";
				SWIFT_VERSION = 4.0;
				TARGETED_DEVICE_FAMILY = "1,2";
			};
			name = Debug;
		};
		FAFBED4D202B349100E6F5A1 /* Release */ = {
			isa = XCBuildConfiguration;
			baseConfigurationReference = D9742B434DCC9AEA94EE1EB0 /* Pods-tableViewMVVM.release.xcconfig */;
			buildSettings = {
				ASSETCATALOG_COMPILER_APPICON_NAME = AppIcon;
				CODE_SIGN_STYLE = Automatic;
				DEVELOPMENT_TEAM = TJTQ79YVUK;
				INFOPLIST_FILE = tableViewMVVM/Info.plist;
				IPHONEOS_DEPLOYMENT_TARGET = 11.0;
				LD_RUNPATH_SEARCH_PATHS = "$(inherited) @executable_path/Frameworks";
				PRODUCT_BUNDLE_IDENTIFIER = com.open.tableViewMVVM;
				PRODUCT_NAME = "$(TARGET_NAME)";
				SWIFT_VERSION = 4.0;
				TARGETED_DEVICE_FAMILY = "1,2";
			};
			name = Release;
		};
		FAFBED4F202B349100E6F5A1 /* Debug */ = {
			isa = XCBuildConfiguration;
			baseConfigurationReference = D2BF8D9DB3F6078B7A7ABB20 /* Pods-tableViewMVVMTests.debug.xcconfig */;
			buildSettings = {
				ALWAYS_EMBED_SWIFT_STANDARD_LIBRARIES = YES;
				BUNDLE_LOADER = "$(TEST_HOST)";
				CODE_SIGN_STYLE = Automatic;
				INFOPLIST_FILE = tableViewMVVMTests/Info.plist;
				LD_RUNPATH_SEARCH_PATHS = "$(inherited) @executable_path/Frameworks @loader_path/Frameworks";
				PRODUCT_BUNDLE_IDENTIFIER = com.open.tableViewMVVMTests;
				PRODUCT_NAME = "$(TARGET_NAME)";
				SWIFT_VERSION = 4.0;
				TARGETED_DEVICE_FAMILY = "1,2";
				TEST_HOST = "$(BUILT_PRODUCTS_DIR)/tableViewMVVM.app/tableViewMVVM";
			};
			name = Debug;
		};
		FAFBED50202B349100E6F5A1 /* Release */ = {
			isa = XCBuildConfiguration;
			baseConfigurationReference = F9990BFB9267EB17E888CED0 /* Pods-tableViewMVVMTests.release.xcconfig */;
			buildSettings = {
				ALWAYS_EMBED_SWIFT_STANDARD_LIBRARIES = YES;
				BUNDLE_LOADER = "$(TEST_HOST)";
				CODE_SIGN_STYLE = Automatic;
				INFOPLIST_FILE = tableViewMVVMTests/Info.plist;
				LD_RUNPATH_SEARCH_PATHS = "$(inherited) @executable_path/Frameworks @loader_path/Frameworks";
				PRODUCT_BUNDLE_IDENTIFIER = com.open.tableViewMVVMTests;
				PRODUCT_NAME = "$(TARGET_NAME)";
				SWIFT_VERSION = 4.0;
				TARGETED_DEVICE_FAMILY = "1,2";
				TEST_HOST = "$(BUILT_PRODUCTS_DIR)/tableViewMVVM.app/tableViewMVVM";
			};
			name = Release;
		};
		FAFBED52202B349100E6F5A1 /* Debug */ = {
			isa = XCBuildConfiguration;
			baseConfigurationReference = F65F330A15877EB2DCA02972 /* Pods-tableViewMVVMUITests.debug.xcconfig */;
			buildSettings = {
				ALWAYS_EMBED_SWIFT_STANDARD_LIBRARIES = YES;
				CODE_SIGN_STYLE = Automatic;
				INFOPLIST_FILE = tableViewMVVMUITests/Info.plist;
				LD_RUNPATH_SEARCH_PATHS = "$(inherited) @executable_path/Frameworks @loader_path/Frameworks";
				PRODUCT_BUNDLE_IDENTIFIER = com.open.tableViewMVVMUITests;
				PRODUCT_NAME = "$(TARGET_NAME)";
				SWIFT_VERSION = 4.0;
				TARGETED_DEVICE_FAMILY = "1,2";
				TEST_TARGET_NAME = tableViewMVVM;
			};
			name = Debug;
		};
		FAFBED53202B349100E6F5A1 /* Release */ = {
			isa = XCBuildConfiguration;
			baseConfigurationReference = 4BFD5A390AAA738D950C4CF6 /* Pods-tableViewMVVMUITests.release.xcconfig */;
			buildSettings = {
				ALWAYS_EMBED_SWIFT_STANDARD_LIBRARIES = YES;
				CODE_SIGN_STYLE = Automatic;
				INFOPLIST_FILE = tableViewMVVMUITests/Info.plist;
				LD_RUNPATH_SEARCH_PATHS = "$(inherited) @executable_path/Frameworks @loader_path/Frameworks";
				PRODUCT_BUNDLE_IDENTIFIER = com.open.tableViewMVVMUITests;
				PRODUCT_NAME = "$(TARGET_NAME)";
				SWIFT_VERSION = 4.0;
				TARGETED_DEVICE_FAMILY = "1,2";
				TEST_TARGET_NAME = tableViewMVVM;
			};
			name = Release;
		};
/* End XCBuildConfiguration section */

/* Begin XCConfigurationList section */
		FAFBED1B202B349000E6F5A1 /* Build configuration list for PBXProject "tableViewMVVM" */ = {
			isa = XCConfigurationList;
			buildConfigurations = (
				FAFBED49202B349100E6F5A1 /* Debug */,
				FAFBED4A202B349100E6F5A1 /* Release */,
			);
			defaultConfigurationIsVisible = 0;
			defaultConfigurationName = Release;
		};
		FAFBED4B202B349100E6F5A1 /* Build configuration list for PBXNativeTarget "tableViewMVVM" */ = {
			isa = XCConfigurationList;
			buildConfigurations = (
				FAFBED4C202B349100E6F5A1 /* Debug */,
				FAFBED4D202B349100E6F5A1 /* Release */,
			);
			defaultConfigurationIsVisible = 0;
			defaultConfigurationName = Release;
		};
		FAFBED4E202B349100E6F5A1 /* Build configuration list for PBXNativeTarget "tableViewMVVMTests" */ = {
			isa = XCConfigurationList;
			buildConfigurations = (
				FAFBED4F202B349100E6F5A1 /* Debug */,
				FAFBED50202B349100E6F5A1 /* Release */,
			);
			defaultConfigurationIsVisible = 0;
			defaultConfigurationName = Release;
		};
		FAFBED51202B349100E6F5A1 /* Build configuration list for PBXNativeTarget "tableViewMVVMUITests" */ = {
			isa = XCConfigurationList;
			buildConfigurations = (
				FAFBED52202B349100E6F5A1 /* Debug */,
				FAFBED53202B349100E6F5A1 /* Release */,
			);
			defaultConfigurationIsVisible = 0;
			defaultConfigurationName = Release;
		};
/* End XCConfigurationList section */

/* Begin XCVersionGroup section */
		FAFBED2A202B349000E6F5A1 /* tableViewMVVM.xcdatamodeld */ = {
			isa = XCVersionGroup;
			children = (
				FAFBED2B202B349000E6F5A1 /* tableViewMVVM.xcdatamodel */,
			);
			currentVersion = FAFBED2B202B349000E6F5A1 /* tableViewMVVM.xcdatamodel */;
			path = tableViewMVVM.xcdatamodeld;
			sourceTree = "<group>";
			versionGroupType = wrapper.xcdatamodel;
		};
/* End XCVersionGroup section */
	};
	rootObject = FAFBED18202B349000E6F5A1 /* Project object */;
}
